
Microsoft Visual Studio Solution File, Format Version 12.00
# Visual Studio Version 17
VisualStudioVersion = 17.7.34031.279
MinimumVisualStudioVersion = 10.0.40219.1
Project("{FAE04EC0-301F-11D3-BF4B-00C04F79EFBC}") = "MiCRM", "MiCRM\MiCRM.csproj", "{151C1514-D867-42A9-92DE-459C578848C3}"
EndProject
Project("{FAE04EC0-301F-11D3-BF4B-00C04F79EFBC}") = "Business", "Business\Business.csproj", "{16C782C5-C9EB-4452-BBC4-FF4FC0686278}"
EndProject
Project("{FAE04EC0-301F-11D3-BF4B-00C04F79EFBC}") = "Dominio", "Dominio\Dominio.csproj", "{3694CB0D-B63F-49CE-8230-7E291ADB1505}"
EndProject
Global
	GlobalSection(SolutionConfigurationPlatforms) = preSolution
		Debug|Any CPU = Debug|Any CPU
		Release|Any CPU = Release|Any CPU
	EndGlobalSection
	GlobalSection(ProjectConfigurationPlatforms) = postSolution
		{151C1514-D867-42A9-92DE-459C578848C3}.Debug|Any CPU.ActiveCfg = Debug|Any CPU
		{151C1514-D867-42A9-92DE-459C578848C3}.Debug|Any CPU.Build.0 = Debug|Any CPU
		{151C1514-D867-42A9-92DE-459C578848C3}.Release|Any CPU.ActiveCfg = Release|Any CPU
		{151C1514-D867-42A9-92DE-459C578848C3}.Release|Any CPU.Build.0 = Release|Any CPU
		{16C782C5-C9EB-4452-BBC4-FF4FC0686278}.Debug|Any CPU.ActiveCfg = Debug|Any CPU
		{16C782C5-C9EB-4452-BBC4-FF4FC0686278}.Debug|Any CPU.Build.0 = Debug|Any CPU
		{16C782C5-C9EB-4452-BBC4-FF4FC0686278}.Release|Any CPU.ActiveCfg = Release|Any CPU
		{16C782C5-C9EB-4452-BBC4-FF4FC0686278}.Release|Any CPU.Build.0 = Release|Any CPU
		{3694CB0D-B63F-49CE-8230-7E291ADB1505}.Debug|Any CPU.ActiveCfg = Debug|Any CPU
		{3694CB0D-B63F-49CE-8230-7E291ADB1505}.Debug|Any CPU.Build.0 = Debug|Any CPU
		{3694CB0D-B63F-49CE-8230-7E291ADB1505}.Release|Any CPU.ActiveCfg = Release|Any CPU
		{3694CB0D-B63F-49CE-8230-7E291ADB1505}.Release|Any CPU.Build.0 = Release|Any CPU
	EndGlobalSection
	GlobalSection(SolutionProperties) = preSolution
		HideSolutionNode = FALSE
	EndGlobalSection
	GlobalSection(ExtensibilityGlobals) = postSolution
		SolutionGuid = {A1D625A6-F0C5-4D6A-A194-7D19CB8C172D}
	EndGlobalSection
EndGlobal
